version = 1
revision = 3
requires-python = ">=3.11"

[[package]]
name = "annotated-types"
version = "0.8.0"
source = { registry = "https://pypi.org/simple" }
sdist = { url = "https://files.pythonhosted.org/packages/5f/56/a8120250d128bed162cd73c76d45f6ef9991f3e068f62a8ee060afa3104a/annotated_types-0.8.0.tar.gz", hash = "sha256:13b2beaad985e05e2d6407ee4c4f35590b11f8d693a258a561055cac8f64cab7", size = 15893, upload-time = "2026-07-23T20:16:13.995Z" }
wheels = [
    { url = "https://files.pythonhosted.org/packages/99/91/8acff4f5e50511b911bbccb72b8628a49c68ce14148cd9f6431094859a90/annotated_types-0.8.0-py3-none-any.whl", hash = "sha256:f072f4d804ea359e4eaf198b1af7a8b0943881a87f31bb764f8bf219bb9419e0", size = 13427, upload-time = "2026-07-23T20:16:12.938Z" },
]

[[package]]
name = "confluent-kafka"
version = "2.6.1"
source = { registry = "https://pypi.org/simple" }
sdist = { url = "https://files.pythonhosted.org/packages/13/89/928e6886ba33f5847692430d003dc33f81a6e595d25f9935d6185ea073d3/confluent_kafka-2.6.1.tar.gz", hash = "sha256:71fdab0f65ccdb00eff0f14ccde65723ebbd20392723f8c1e87e5d8ab29e50cf", size = 160019, upload-time = "2024-11-18T18:53:02.559Z" }
wheels = [
    { url = "https://files.pythonhosted.org/packages/b0/2f/32e23001f72f3cc1f75b573459b6d76d8493fa9d05963eda3a1779db5c2d/confluent_kafka-2.6.1-cp311-cp311-macosx_10_9_x86_64.whl", hash = "sha256:db46641c7a48cc998900c4e85778c4ea838d2b940433948831deae0d883945f3", size = 3440658, upload-time = "2024-11-18T18:51:02.978Z" },
    { url = "https://files.pythonhosted.org/packages/f2/a1/abf17c7da630cee6f2006f9b1a5eb0091ed441ab659ae0e558ab68b33e60/confluent_kafka-2.6.1-cp311-cp311-macosx_11_0_arm64.whl", hash = "sha256:44d8d1bb3ffaba84f2e169614651662fb57c3645c50f88effb653d76149ac18e", size = 2967284, upload-time = "2024-11-18T18:51:09.191Z" },
    { url = "https://files.pythonhosted.org/packages/42/3f/03eb5a53063a7dcc6eee38825ee95cb2c57d2a11d6e415d6c83399322f95/confluent_kafka-2.6.1-cp311-cp311-manylinux_2_28_aarch64.whl", hash = "sha256:56473c3e8189b63fceae42569c31e339d0b9a4aac2fb3d38f744400837251857", size = 15274656, upload-time = "2024-11-18T18:51:14.849Z" },
    { url = "https://files.pythonhosted.org/packages/d1/35/5b101cf501d09ba9ba75021796445da05b605b3802285a69e70ba2464217/confluent_kafka-2.6.1-cp311-cp311-manylinux_2_28_x86_64.whl", hash = "sha256:15af5ae70c9376aba62462f20dbc846364a41f6ae4071baac36a3adb44ec29bb", size = 3944639, upload-time = "2024-11-18T18:51:20.922Z" },
    { url = "https://files.pythonhosted.org/packages/8c/7b/54d4cbbab16a1de785e0d757a95ebe2aef72e3b80d0a9587837642718e7b/confluent_kafka-2.6.1-cp311-cp311-win_amd64.whl", hash = "sha256:a6cea569aa1fb7171b59f87edaf000d40fe0f92f9722d107230a6338fbd20f61", size = 3888473, upload-time = "2024-11-18T18:51:24.029Z" },
    { url = "https://files.pythonhosted.org/packages/60/1d/ce01ed336e2724410e083970528aacdf448757d87607be183d8a745ba1bd/confluent_kafka-2.6.1-cp312-cp312-macosx_10_9_x86_64.whl", hash = "sha256:a5062f24f3af27f6edd63cb71a663144de09dd3249647c80c4aec9655a0ea1dd", size = 3441316, upload-time = "2024-11-18T18:51:27.137Z" },
    { url = "https://files.pythonhosted.org/packages/bd/87/1854e3fca1aa02c28ca69b2df844523854c020d2cf4757e40f5f70060c59/confluent_kafka-2.6.1-cp312-cp312-macosx_11_0_arm64.whl", hash = "sha256:a21b712b17362fd0602faa87c4363bd604f271ca62076bcf2d83ca91d2bd62c2", size = 2967136, upload-time = "2024-11-18T18:51:29.997Z" },
    { url = "https://files.pythonhosted.org/packages/d3/a0/598aff8b2249f6f73471257898ba44188fa5096cb95fa89468cc6cb33518/confluent_kafka-2.6.1-cp312-cp312-manylinux_2_28_aarch64.whl", hash = "sha256:0c2b63f7f764dc504296a8a474a3f09e408a456626cf938635eb31f59cac59fa", size = 15282347, upload-time = "2024-11-18T18:51:36.539Z" },
    { url = "https://files.pythonhosted.org/packages/05/44/b387e65fa2a9ef73adbc10fb2e81d0daed9a76bd5492a15a7321a69809c9/confluent_kafka-2.6.1-cp312-cp312-manylinux_2_28_x86_64.whl", hash = "sha256:298aa323eb8507862ccfa619367667b41ab76ddf3657e8a45dafe4b270208257", size = 3954077, upload-time = "2024-11-18T18:51:40.57Z" },
    { url = "https://files.pythonhosted.org/packages/0e/68/d7618aa37c343d2b918704aff5b05bda7d2329c3493163247e4d5cb75a1e/confluent_kafka-2.6.1-cp312-cp312-win_amd64.whl", hash = "sha256:b17da915fc35b1bef49d599f685656f65f379094dbbc7aafc5ede1843cc72699", size = 3889112, upload-time = "2024-11-18T18:51:43.573Z" },
    { url = "https://files.pythonhosted.org/packages/8c/cf/b5d0124b143a98c7bc0ecd638f12a05db9c1ba173349d0bf22e23ac559a4/confluent_kafka-2.6.1-cp313-cp313-macosx_13_0_arm64.whl", hash = "sha256:2584812d8834932e194929544d09325dd09039223aced7ab09095ffd4e96a1ca", size = 2968528, upload-time = "2024-11-18T18:51:46.158Z" },
    { url = "https://files.pythonhosted.org/packages/7d/fc/4e3e5c492111d8d4444888f0503a8cebdfca70fbe64e63be8cea41de88d1/confluent_kafka-2.6.1-cp313-cp313-macosx_13_0_x86_64.whl", hash = "sha256:90853bbf466c57e0295076549b9b3b9cb6ab9447965977f3cde7f0790c39b5d6", size = 3441632, upload-time = "2024-11-18T18:51:48.642Z" },
    { url = "https://files.pythonhosted.org/packages/1f/5b/d4963bf090a8ae0712d83163f43a018297216a2cb4d0c28a422c2a0c254b/confluent_kafka-2.6.1-cp313-cp313-manylinux_2_28_aarch64.whl", hash = "sha256:8c38bf716dbf99bd0e84ba867417e397c4d544d37a530b28df6cadd227a57f98", size = 15281866, upload-time = "2024-11-18T18:51:55.536Z" },
    { url = "https://files.pythonhosted.org/packages/ab/71/bd85b6b0e30227d722649a180de3459d3360cc01380f370651ff18d4dba1/confluent_kafka-2.6.1-cp313-cp313-manylinux_2_28_x86_64.whl", hash = "sha256:efc94016d3b438f0af2ddd3f5a8fb293616fda296644f341161033b24282b23d", size = 3953827, upload-time = "2024-11-18T18:51:59.301Z" },
    { url = "https://files.pythonhosted.org/packages/b6/eb/042c083e0d0a5016559dda61fb060e1c9be4fe540c95898c35a9fd540762/confluent_kafka-2.6.1-cp313-cp313-win_amd64.whl", hash = "sha256:150735910da42c44f7fa21ad96e3ae0f52df34066f163d3f544001a64ea776d2", size = 3948805, upload-time = "2024-11-18T18:52:02.158Z" },
]

[[package]]
name = "hot-path"
version = "0.1.0"
source = { virtual = "." }
dependencies = [
    { name = "confluent-kafka" },
    { name = "psycopg", extra = ["binary"] },
    { name = "pydantic" },
]

[package.metadata]
requires-dist = [
    { name = "confluent-kafka", specifier = "==2.6.1" },
    { name = "psycopg", extras = ["binary"], specifier = "==3.2.3" },
    { name = "pydantic", specifier = "==2.10.4" },
]

[[package]]
name = "psycopg"
version = "3.2.3"
source = { registry = "https://pypi.org/simple" }
dependencies = [
    { name = "typing-extensions", marker = "python_full_version < '3.13'" },
    { name = "tzdata", marker = "sys_platform == 'win32'" },
]
sdist = { url = "https://files.pythonhosted.org/packages/d1/ad/7ce016ae63e231575df0498d2395d15f005f05e32d3a2d439038e1bd0851/psycopg-3.2.3.tar.gz", hash = "sha256:a5764f67c27bec8bfac85764d23c534af2c27b893550377e37ce59c12aac47a2", size = 155550, upload-time = "2024-09-29T21:27:25.456Z" }
wheels = [
    { url = "https://files.pythonhosted.org/packages/ce/21/534b8f5bd9734b7a2fcd3a16b1ee82ef6cad81a4796e95ebf4e0c6a24119/psycopg-3.2.3-py3-none-any.whl", hash = "sha256:644d3973fe26908c73d4be746074f6e5224b03c1101d302d9a53bf565ad64907", size = 197934, upload-time = "2024-09-29T21:21:19.623Z" },
]

[package.optional-dependencies]
binary = [
    { name = "psycopg-binary", marker = "implementation_name != 'pypy'" },
]

[[package]]
name = "psycopg-binary"
version = "3.2.3"
source = { registry = "https://pypi.org/simple" }
wheels = [
    { url = "https://files.pythonhosted.org/packages/3d/78/8e8b4063b5cd1cc91cc100fc3e9296b96f52c9a709750b24ade6cfa8021b/psycopg_binary-3.2.3-cp311-cp311-macosx_12_0_x86_64.whl", hash = "sha256:6d8f2144e0d5808c2e2aed40fbebe13869cd00c2ae745aca4b3b16a435edb056", size = 3391535, upload-time = "2024-09-29T21:22:28.111Z" },
    { url = "https://files.pythonhosted.org/packages/36/7f/04eed0c415d158a0fb1c196957b9c7faec43c7b50d20db05c62e5bd22c93/psycopg_binary-3.2.3-cp311-cp311-macosx_14_0_arm64.whl", hash = "sha256:94253be2b57ef2fea7ffe08996067aabf56a1eb9648342c9e3bad9e10c46e045", size = 3509175, upload-time = "2024-09-29T21:22:34.989Z" },
    { url = "https://files.pythonhosted.org/packages/0d/91/042fe504220a6e1a423e6a26d24f198da976b9cce11bc9ab7e9415bac08f/psycopg_binary-3.2.3-cp311-cp311-manylinux_2_17_aarch64.manylinux2014_aarch64.whl", hash = "sha256:fda0162b0dbfa5eaed6cdc708179fa27e148cb8490c7d62e5cf30713909658ea", size = 4465647, upload-time = "2024-09-29T21:22:42.729Z" },
    { url = "https://files.pythonhosted.org/packages/35/7c/4cf02ee263431b306453b7b086ec8e91dcbd5008382d711e82afa829f73e/psycopg_binary-3.2.3-cp311-cp311-manylinux_2_17_i686.manylinux2014_i686.whl", hash = "sha256:2c0419cdad8c70eaeb3116bb28e7b42d546f91baf5179d7556f230d40942dc78", size = 4267051, upload-time = "2024-09-29T21:22:48.362Z" },
    { url = "https://files.pythonhosted.org/packages/f5/9b/cea713d8d75621481ece2dfc7edae6e4f05dfbcaab28fac0dbff9b96fc3a/psycopg_binary-3.2.3-cp311-cp311-manylinux_2_17_ppc64le.manylinux2014_ppc64le.whl", hash = "sha256:74fbf5dd3ef09beafd3557631e282f00f8af4e7a78fbfce8ab06d9cd5a789aae", size = 4517398, upload-time = "2024-09-29T21:22:56.618Z" },
    { url = "https://files.pythonhosted.org/packages/56/65/cd4165c45359f4117147b861c16c7b85afbd93cc9efac6116b13f62bc725/psycopg_binary-3.2.3-cp311-cp311-manylinux_2_17_x86_64.manylinux2014_x86_64.whl", hash = "sha256:7d784f614e4d53050cbe8abf2ae9d1aaacf8ed31ce57b42ce3bf2a48a66c3a5c", size = 4210644, upload-time = "2024-09-29T21:23:02.941Z" },
    { url = "https://files.pythonhosted.org/packages/f3/80/14e7bf67613c4344e74fe6ac5c9876a7acb4ddc15e5455c54e24cdc087f8/psycopg_binary-3.2.3-cp311-cp311-musllinux_1_2_aarch64.whl", hash = "sha256:4e76ce2475ed4885fe13b8254058be710ec0de74ebd8ef8224cf44a9a3358e5f", size = 3138032, upload-time = "2024-09-29T21:23:06.387Z" },
    { url = "https://files.pythonhosted.org/packages/7e/81/e18c36de78e0f7a491a754dc74c1bb6b16469d8c240b2add1e856801d567/psycopg_binary-3.2.3-cp311-cp311-musllinux_1_2_i686.whl", hash = "sha256:5938b257b04c851c2d1e6cb2f8c18318f06017f35be9a5fe761ee1e2e344dfb7", size = 3114329, upload-time = "2024-09-29T21:23:09.483Z" },
    { url = "https://files.pythonhosted.org/packages/48/39/07b0bf8355cb535ccdd58261a18fb6e786e175492363f5255b446fff6427/psycopg_binary-3.2.3-cp311-cp311-musllinux_1_2_ppc64le.whl", hash = "sha256:257c4aea6f70a9aef39b2a77d0658a41bf05c243e2bf41895eb02220ac6306f3", size = 3219579, upload-time = "2024-09-29T21:23:14.005Z" },
    { url = "https://files.pythonhosted.org/packages/64/ea/92c700989b5bdeb8e8e59732191547e32da732692d6c016830c82f9b4ac7/psycopg_binary-3.2.3-cp311-cp311-musllinux_1_2_x86_64.whl", hash = "sha256:06b5cc915e57621eebf2393f4173793ed7e3387295f07fed93ed3fb6a6ccf585", size = 3257145, upload-time = "2024-09-29T21:23:20.458Z" },
    { url = "https://files.pythonhosted.org/packages/84/49/39f0875fd32a6d77cd22b44887df39eb470039b389c388cee4ba75c0bda7/psycopg_binary-3.2.3-cp311-cp311-win_amd64.whl", hash = "sha256:09baa041856b35598d335b1a74e19a49da8500acedf78164600694c0ba8ce21b", size = 2924948, upload-time = "2024-09-29T21:23:25.591Z" },
    { url = "https://files.pythonhosted.org/packages/55/6b/9805a5c743c1d54dcd035bd5c069202fde21b4cf69857ca40c2a55e69f8c/psycopg_binary-3.2.3-cp312-cp312-macosx_12_0_x86_64.whl", hash = "sha256:48f8ca6ee8939bab760225b2ab82934d54330eec10afe4394a92d3f2a0c37dd6", size = 3363376, upload-time = "2024-09-29T21:23:30.049Z" },
    { url = "https://files.pythonhosted.org/packages/a8/82/45ac156b20e08e8f556a323c9568a011c71cf6e734e49667a398719ce0e4/psycopg_binary-3.2.3-cp312-cp312-macosx_14_0_arm64.whl", hash = "sha256:5361ea13c241d4f0ec3f95e0bf976c15e2e451e9cc7ef2e5ccfc9d170b197a40", size = 3506449, upload-time = "2024-09-29T21:23:34.254Z" },
    { url = "https://files.pythonhosted.org/packages/e4/be/760cef50e1adfbc87dab2b05b30f544d7297040cce495835df9016556517/psycopg_binary-3.2.3-cp312-cp312-manylinux_2_17_aarch64.manylinux2014_aarch64.whl", hash = "sha256:cb987f14af7da7c24f803111dbc7392f5070fd350146af3345103f76ea82e339", size = 4445757, upload-time = "2024-09-29T21:23:38.732Z" },
    { url = "https://files.pythonhosted.org/packages/b4/9c/bae6a9c6949aac577cc93f58705f649b50c62827038903bd75ff8956e63e/psycopg_binary-3.2.3-cp312-cp312-manylinux_2_17_i686.manylinux2014_i686.whl", hash = "sha256:0463a11b1cace5a6aeffaf167920707b912b8986a9c7920341c75e3686277920", size = 4248376, upload-time = "2024-09-29T21:23:43.951Z" },
    { url = "https://files.pythonhosted.org/packages/e5/0e/9db06ef94e4a156f3ed06043ee4f370e21866b0e3b7959691c8c4abfb698/psycopg_binary-3.2.3-cp312-cp312-manylinux_2_17_ppc64le.manylinux2014_ppc64le.whl", hash = "sha256:8b7be9a6c06518967b641fb15032b1ed682fd3b0443f64078899c61034a0bca6", size = 4487765, upload-time = "2024-09-29T21:23:50.999Z" },
    { url = "https://files.pythonhosted.org/packages/9f/5f/8afc32b60ee8bc5c4af51e7cf6c42d93a989a09609524d0a393106e300cd/psycopg_binary-3.2.3-cp312-cp312-manylinux_2_17_x86_64.manylinux2014_x86_64.whl", hash = "sha256:64a607e630d9f4b2797f641884e52b9f8e239d35943f51bef817a384ec1678fe", size = 4188374, upload-time = "2024-09-29T21:24:00.191Z" },
    { url = "https://files.pythonhosted.org/packages/ed/5d/210cb75aff0296dc5c09bcf67babf8679905412d7a11357b983f0d877360/psycopg_binary-3.2.3-cp312-cp312-musllinux_1_2_aarch64.whl", hash = "sha256:fa33ead69ed133210d96af0c63448b1385df48b9c0247eda735c5896b9e6dbbf", size = 3113180, upload-time = "2024-09-29T21:24:06.433Z" },
    { url = "https://files.pythonhosted.org/packages/40/ec/46b1a5cdb2fe995b8ec0376f0695003e97fed9ac077e090a3165ea15f735/psycopg_binary-3.2.3-cp312-cp312-musllinux_1_2_i686.whl", hash = "sha256:1f8b0d0e99d8e19923e6e07379fa00570be5182c201a8c0b5aaa9a4d4a4ea20b", size = 3099455, upload-time = "2024-09-29T21:24:10.933Z" },
    { url = "https://files.pythonhosted.org/packages/11/68/eaf85b3421b3f01b638dd6b16f4e9bc8de42eb1d000da62964fb29f8c823/psycopg_binary-3.2.3-cp312-cp312-musllinux_1_2_ppc64le.whl", hash = "sha256:709447bd7203b0b2debab1acec23123eb80b386f6c29e7604a5d4326a11e5bd6", size = 3189977, upload-time = "2024-09-29T21:24:15.708Z" },
    { url = "https://files.pythonhosted.org/packages/83/5a/cf94c3ba87ea6c8331aa0aba36a18a837a3231764457780661968804673e/psycopg_binary-3.2.3-cp312-cp312-musllinux_1_2_x86_64.whl", hash = "sha256:5e37d5027e297a627da3551a1e962316d0f88ee4ada74c768f6c9234e26346d9", size = 3232263, upload-time = "2024-09-29T21:24:20.237Z" },
    { url = "https://files.pythonhosted.org/packages/0e/3a/9d912b16059e87b04e3eb4fca457f079d78d6468f627d5622fbda80e9378/psycopg_binary-3.2.3-cp312-cp312-win_amd64.whl", hash = "sha256:261f0031ee6074765096a19b27ed0f75498a8338c3dcd7f4f0d831e38adf12d1", size = 2912530, upload-time = "2024-09-29T21:24:25.079Z" },
    { url = "https://files.pythonhosted.org/packages/c6/bf/717c5e51c68e2498b60a6e9f1476cc47953013275a54bf8e23fd5082a72d/psycopg_binary-3.2.3-cp313-cp313-macosx_12_0_x86_64.whl", hash = "sha256:41fdec0182efac66b27478ac15ef54c9ebcecf0e26ed467eb7d6f262a913318b", size = 3360874, upload-time = "2024-09-29T21:24:30.796Z" },
    { url = "https://files.pythonhosted.org/packages/31/d5/6f9ad6fe5ef80ca9172bc3d028ebae8e9a1ee8aebd917c95c747a5efd85f/psycopg_binary-3.2.3-cp313-cp313-macosx_14_0_arm64.whl", hash = "sha256:07d019a786eb020c0f984691aa1b994cb79430061065a694cf6f94056c603d26", size = 3502320, upload-time = "2024-09-29T21:24:36.694Z" },
    { url = "https://files.pythonhosted.org/packages/fb/7b/c58dd26c27fe7a491141ca765c103e702872ff1c174ebd669d73d7fb0b5d/psycopg_binary-3.2.3-cp313-cp313-manylinux_2_17_aarch64.manylinux2014_aarch64.whl", hash = "sha256:4c57615791a337378fe5381143259a6c432cdcbb1d3e6428bfb7ce59fff3fb5c", size = 4446950, upload-time = "2024-09-29T21:24:43.028Z" },
    { url = "https://files.pythonhosted.org/packages/ed/75/acf6a81c788007b7bc0a43b02c22eff7cb19a6ace9e84c32838e86083a3f/psycopg_binary-3.2.3-cp313-cp313-manylinux_2_17_i686.manylinux2014_i686.whl", hash = "sha256:e8eb9a4e394926b93ad919cad1b0a918e9b4c846609e8c1cfb6b743683f64da0", size = 4252409, upload-time = "2024-09-29T21:24:47.768Z" },
    { url = "https://files.pythonhosted.org/packages/83/a5/8a01b923fe42acd185d53f24fb98ead717725ede76a4cd183ff293daf1f1/psycopg_binary-3.2.3-cp313-cp313-manylinux_2_17_ppc64le.manylinux2014_ppc64le.whl", hash = "sha256:5905729668ef1418bd36fbe876322dcb0f90b46811bba96d505af89e6fbdce2f", size = 4488121, upload-time = "2024-09-29T21:24:54.244Z" },
    { url = "https://files.pythonhosted.org/packages/14/8f/b00e65e204340ab1259ecc8d4cc4c1f72c386be5ca7bfb90ae898a058d68/psycopg_binary-3.2.3-cp313-cp313-manylinux_2_17_x86_64.manylinux2014_x86_64.whl", hash = "sha256:fd65774ed7d65101b314808b6893e1a75b7664f680c3ef18d2e5c84d570fa393", size = 4190653, upload-time = "2024-09-29T21:25:02.336Z" },
    { url = "https://files.pythonhosted.org/packages/ce/fc/ba830fc6c9b02b66d1e2fb420736df4d78369760144169a9046f04d72ac6/psycopg_binary-3.2.3-cp313-cp313-musllinux_1_2_aarch64.whl", hash = "sha256:700679c02f9348a0d0a2adcd33a0275717cd0d0aee9d4482b47d935023629505", size = 3118074, upload-time = "2024-09-29T21:25:07.755Z" },
    { url = "https://files.pythonhosted.org/packages/b8/75/b62d06930a615435e909e05de126aa3d49f6ec2993d1aa6a99e7faab5570/psycopg_binary-3.2.3-cp313-cp313-musllinux_1_2_i686.whl", hash = "sha256:96334bb64d054e36fed346c50c4190bad9d7c586376204f50bede21a913bf942", size = 3100457, upload-time = "2024-09-29T21:25:13.002Z" },
    { url = "https://files.pythonhosted.org/packages/57/e5/32dc7518325d0010813853a87b19c784d8b11fdb17f5c0e0c148c5ac77af/psycopg_binary-3.2.3-cp313-cp313-musllinux_1_2_ppc64le.whl", hash = "sha256:9099e443d4cc24ac6872e6a05f93205ba1a231b1a8917317b07c9ef2b955f1f4", size = 3192788, upload-time = "2024-09-29T21:25:18.815Z" },
    { url = "https://files.pythonhosted.org/packages/23/a3/d1aa04329253c024a2323051774446770d47b43073874a3de8cca797ed8e/psycopg_binary-3.2.3-cp313-cp313-musllinux_1_2_x86_64.whl", hash = "sha256:1985ab05e9abebfbdf3163a16ebb37fbc5d49aff2bf5b3d7375ff0920bbb54cd", size = 3234247, upload-time = "2024-09-29T21:25:24.005Z" },
    { url = "https://files.pythonhosted.org/packages/03/20/b675af723b9a61d48abd6a3d64cbb9797697d330255d1f8105713d54ed8e/psycopg_binary-3.2.3-cp313-cp313-win_amd64.whl", hash = "sha256:e90352d7b610b4693fad0feea48549d4315d10f1eba5605421c92bb834e90170", size = 2913413, upload-time = "2024-09-29T21:25:28.151Z" },
]

[[package]]
name = "pydantic"
version = "2.10.4"
source = { registry = "https://pypi.org/simple" }
dependencies = [
    { name = "annotated-types" },
    { name = "pydantic-core" },
    { name = "typing-extensions" },
]
sdist = { url = "https://files.pythonhosted.org/packages/70/7e/fb60e6fee04d0ef8f15e4e01ff187a196fa976eb0f0ab524af4599e5754c/pydantic-2.10.4.tar.gz", hash = "sha256:82f12e9723da6de4fe2ba888b5971157b3be7ad914267dea8f05f82b28254f06", size = 762094, upload-time = "2024-12-18T17:09:24.84Z" }
wheels = [
    { url = "https://files.pythonhosted.org/packages/f3/26/3e1bbe954fde7ee22a6e7d31582c642aad9e84ffe4b5fb61e63b87cd326f/pydantic-2.10.4-py3-none-any.whl", hash = "sha256:597e135ea68be3a37552fb524bc7d0d66dcf93d395acd93a00682f1efcb8ee3d", size = 431765, upload-time = "2024-12-18T17:09:21.953Z" },
]

[[package]]
name = "pydantic-core"
version = "2.27.2"
source = { registry = "https://pypi.org/simple" }
dependencies = [
    { name = "typing-extensions" },
]
sdist = { url = "https://files.pythonhosted.org/packages/fc/01/f3e5ac5e7c25833db5eb555f7b7ab24cd6f8c322d3a3ad2d67a952dc0abc/pydantic_core-2.27.2.tar.gz", hash = "sha256:eb026e5a4c1fee05726072337ff51d1efb6f59090b7da90d30ea58625b1ffb39", size = 413443, upload-time = "2024-12-18T11:31:54.917Z" }
wheels = [
    { url = "https://files.pythonhosted.org/packages/c2/89/f3450af9d09d44eea1f2c369f49e8f181d742f28220f88cc4dfaae91ea6e/pydantic_core-2.27.2-cp311-cp311-macosx_10_12_x86_64.whl", hash = "sha256:8e10c99ef58cfdf2a66fc15d66b16c4a04f62bca39db589ae8cba08bc55331bc", size = 1893421, upload-time = "2024-12-18T11:27:55.409Z" },
    { url = "https://files.pythonhosted.org/packages/9e/e3/71fe85af2021f3f386da42d291412e5baf6ce7716bd7101ea49c810eda90/pydantic_core-2.27.2-cp311-cp311-macosx_11_0_arm64.whl", hash = "sha256:26f32e0adf166a84d0cb63be85c562ca8a6fa8de28e5f0d92250c6b7e9e2aff7", size = 1814998, upload-time = "2024-12-18T11:27:57.252Z" },
    { url = "https://files.pythonhosted.org/packages/a6/3c/724039e0d848fd69dbf5806894e26479577316c6f0f112bacaf67aa889ac/pydantic_core-2.27.2-cp311-cp311-manylinux_2_17_aarch64.manylinux2014_aarch64.whl", hash = "sha256:8c19d1ea0673cd13cc2f872f6c9ab42acc4e4f492a7ca9d3795ce2b112dd7e15", size = 1826167, upload-time = "2024-12-18T11:27:59.146Z" },
    { url = "https://files.pythonhosted.org/packages/2b/5b/1b29e8c1fb5f3199a9a57c1452004ff39f494bbe9bdbe9a81e18172e40d3/pydantic_core-2.27.2-cp311-cp311-manylinux_2_17_armv7l.manylinux2014_armv7l.whl", hash = "sha256:5e68c4446fe0810e959cdff46ab0a41ce2f2c86d227d96dc3847af0ba7def306", size = 1865071, upload-time = "2024-12-18T11:28:02.625Z" },
    { url = "https://files.pythonhosted.org/packages/89/6c/3985203863d76bb7d7266e36970d7e3b6385148c18a68cc8915fd8c84d57/pydantic_core-2.27.2-cp311-cp311-manylinux_2_17_ppc64le.manylinux2014_ppc64le.whl", hash = "sha256:d9640b0059ff4f14d1f37321b94061c6db164fbe49b334b31643e0528d100d99", size = 2036244, upload-time = "2024-12-18T11:28:04.442Z" },
    { url = "https://files.pythonhosted.org/packages/0e/41/f15316858a246b5d723f7d7f599f79e37493b2e84bfc789e58d88c209f8a/pydantic_core-2.27.2-cp311-cp311-manylinux_2_17_s390x.manylinux2014_s390x.whl", hash = "sha256:40d02e7d45c9f8af700f3452f329ead92da4c5f4317ca9b896de7ce7199ea459", size = 2737470, upload-time = "2024-12-18T11:28:07.679Z" },
    { url = "https://files.pythonhosted.org/packages/a8/7c/b860618c25678bbd6d1d99dbdfdf0510ccb50790099b963ff78a124b754f/pydantic_core-2.27.2-cp311-cp311-manylinux_2_17_x86_64.manylinux2014_x86_64.whl", hash = "sha256:1c1fd185014191700554795c99b347d64f2bb637966c4cfc16998a0ca700d048", size = 1992291, upload-time = "2024-12-18T11:28:10.297Z" },
    { url = "https://files.pythonhosted.org/packages/bf/73/42c3742a391eccbeab39f15213ecda3104ae8682ba3c0c28069fbcb8c10d/pydantic_core-2.27.2-cp311-cp311-manylinux_2_5_i686.manylinux1_i686.whl", hash = "sha256:d81d2068e1c1228a565af076598f9e7451712700b673de8f502f0334f281387d", size = 1994613, upload-time = "2024-12-18T11:28:13.362Z" },
    { url = "https://files.pythonhosted.org/packages/94/7a/941e89096d1175d56f59340f3a8ebaf20762fef222c298ea96d36a6328c5/pydantic_core-2.27.2-cp311-cp311-musllinux_1_1_aarch64.whl", hash = "sha256:1a4207639fb02ec2dbb76227d7c751a20b1a6b4bc52850568e52260cae64ca3b", size = 2002355, upload-time = "2024-12-18T11:28:16.587Z" },
    { url = "https://files.pythonhosted.org/packages/6e/95/2359937a73d49e336a5a19848713555605d4d8d6940c3ec6c6c0ca4dcf25/pydantic_core-2.27.2-cp311-cp311-musllinux_1_1_armv7l.whl", hash = "sha256:3de3ce3c9ddc8bbd88f6e0e304dea0e66d843ec9de1b0042b0911c1663ffd474", size = 2126661, upload-time = "2024-12-18T11:28:18.407Z" },
    { url = "https://files.pythonhosted.org/packages/2b/4c/ca02b7bdb6012a1adef21a50625b14f43ed4d11f1fc237f9d7490aa5078c/pydantic_core-2.27.2-cp311-cp311-musllinux_1_1_x86_64.whl", hash = "sha256:30c5f68ded0c36466acede341551106821043e9afaad516adfb6e8fa80a4e6a6", size = 2153261, upload-time = "2024-12-18T11:28:21.471Z" },
    { url = "https://files.pythonhosted.org/packages/72/9d/a241db83f973049a1092a079272ffe2e3e82e98561ef6214ab53fe53b1c7/pydantic_core-2.27.2-cp311-cp311-win32.whl", hash = "sha256:c70c26d2c99f78b125a3459f8afe1aed4d9687c24fd677c6a4436bc042e50d6c", size = 1812361, upload-time = "2024-12-18T11:28:23.53Z" },
    { url = "https://files.pythonhosted.org/packages/e8/ef/013f07248041b74abd48a385e2110aa3a9bbfef0fbd97d4e6d07d2f5b89a/pydantic_core-2.27.2-cp311-cp311-win_amd64.whl", hash = "sha256:08e125dbdc505fa69ca7d9c499639ab6407cfa909214d500897d02afb816e7cc", size = 1982484, upload-time = "2024-12-18T11:28:25.391Z" },
    { url = "https://files.pythonhosted.org/packages/10/1c/16b3a3e3398fd29dca77cea0a1d998d6bde3902fa2706985191e2313cc76/pydantic_core-2.27.2-cp311-cp311-win_arm64.whl", hash = "sha256:26f0d68d4b235a2bae0c3fc585c585b4ecc51382db0e3ba402a22cbc440915e4", size = 1867102, upload-time = "2024-12-18T11:28:28.593Z" },
    { url = "https://files.pythonhosted.org/packages/d6/74/51c8a5482ca447871c93e142d9d4a92ead74de6c8dc5e66733e22c9bba89/pydantic_core-2.27.2-cp312-cp312-macosx_10_12_x86_64.whl", hash = "sha256:9e0c8cfefa0ef83b4da9588448b6d8d2a2bf1a53c3f1ae5fca39eb3061e2f0b0", size = 1893127, upload-time = "2024-12-18T11:28:30.346Z" },
    { url = "https://files.pythonhosted.org/packages/d3/f3/c97e80721735868313c58b89d2de85fa80fe8dfeeed84dc51598b92a135e/pydantic_core-2.27.2-cp312-cp312-macosx_11_0_arm64.whl", hash = "sha256:83097677b8e3bd7eaa6775720ec8e0405f1575015a463285a92bfdfe254529ef", size = 1811340, upload-time = "2024-12-18T11:28:32.521Z" },
    { url = "https://files.pythonhosted.org/packages/9e/91/840ec1375e686dbae1bd80a9e46c26a1e0083e1186abc610efa3d9a36180/pydantic_core-2.27.2-cp312-cp312-manylinux_2_17_aarch64.manylinux2014_aarch64.whl", hash = "sha256:172fce187655fece0c90d90a678424b013f8fbb0ca8b036ac266749c09438cb7", size = 1822900, upload-time = "2024-12-18T11:28:34.507Z" },
    { url = "https://files.pythonhosted.org/packages/f6/31/4240bc96025035500c18adc149aa6ffdf1a0062a4b525c932065ceb4d868/pydantic_core-2.27.2-cp312-cp312-manylinux_2_17_armv7l.manylinux2014_armv7l.whl", hash = "sha256:519f29f5213271eeeeb3093f662ba2fd512b91c5f188f3bb7b27bc5973816934", size = 1869177, upload-time = "2024-12-18T11:28:36.488Z" },
    { url = "https://files.pythonhosted.org/packages/fa/20/02fbaadb7808be578317015c462655c317a77a7c8f0ef274bc016a784c54/pydantic_core-2.27.2-cp312-cp312-manylinux_2_17_ppc64le.manylinux2014_ppc64le.whl", hash = "sha256:05e3a55d124407fffba0dd6b0c0cd056d10e983ceb4e5dbd10dda135c31071d6", size = 2038046, upload-time = "2024-12-18T11:28:39.409Z" },
    { url = "https://files.pythonhosted.org/packages/06/86/7f306b904e6c9eccf0668248b3f272090e49c275bc488a7b88b0823444a4/pydantic_core-2.27.2-cp312-cp312-manylinux_2_17_s390x.manylinux2014_s390x.whl", hash = "sha256:9c3ed807c7b91de05e63930188f19e921d1fe90de6b4f5cd43ee7fcc3525cb8c", size = 2685386, upload-time = "2024-12-18T11:28:41.221Z" },
    { url = "https://files.pythonhosted.org/packages/8d/f0/49129b27c43396581a635d8710dae54a791b17dfc50c70164866bbf865e3/pydantic_core-2.27.2-cp312-cp312-manylinux_2_17_x86_64.manylinux2014_x86_64.whl", hash = "sha256:6fb4aadc0b9a0c063206846d603b92030eb6f03069151a625667f982887153e2", size = 1997060, upload-time = "2024-12-18T11:28:44.709Z" },
    { url = "https://files.pythonhosted.org/packages/0d/0f/943b4af7cd416c477fd40b187036c4f89b416a33d3cc0ab7b82708a667aa/pydantic_core-2.27.2-cp312-cp312-manylinux_2_5_i686.manylinux1_i686.whl", hash = "sha256:28ccb213807e037460326424ceb8b5245acb88f32f3d2777427476e1b32c48c4", size = 2004870, upload-time = "2024-12-18T11:28:46.839Z" },
    { url = "https://files.pythonhosted.org/packages/35/40/aea70b5b1a63911c53a4c8117c0a828d6790483f858041f47bab0b779f44/pydantic_core-2.27.2-cp312-cp312-musllinux_1_1_aarch64.whl", hash = "sha256:de3cd1899e2c279b140adde9357c4495ed9d47131b4a4eaff9052f23398076b3", size = 1999822, upload-time = "2024-12-18T11:28:48.896Z" },
    { url = "https://files.pythonhosted.org/packages/f2/b3/807b94fd337d58effc5498fd1a7a4d9d59af4133e83e32ae39a96fddec9d/pydantic_core-2.27.2-cp312-cp312-musllinux_1_1_armv7l.whl", hash = "sha256:220f892729375e2d736b97d0e51466252ad84c51857d4d15f5e9692f9ef12be4", size = 2130364, upload-time = "2024-12-18T11:28:50.755Z" },
    { url = "https://files.pythonhosted.org/packages/fc/df/791c827cd4ee6efd59248dca9369fb35e80a9484462c33c6649a8d02b565/pydantic_core-2.27.2-cp312-cp312-musllinux_1_1_x86_64.whl", hash = "sha256:a0fcd29cd6b4e74fe8ddd2c90330fd8edf2e30cb52acda47f06dd615ae72da57", size = 2158303, upload-time = "2024-12-18T11:28:54.122Z" },
    { url = "https://files.pythonhosted.org/packages/9b/67/4e197c300976af185b7cef4c02203e175fb127e414125916bf1128b639a9/pydantic_core-2.27.2-cp312-cp312-win32.whl", hash = "sha256:1e2cb691ed9834cd6a8be61228471d0a503731abfb42f82458ff27be7b2186fc", size = 1834064, upload-time = "2024-12-18T11:28:56.074Z" },
    { url = "https://files.pythonhosted.org/packages/1f/ea/cd7209a889163b8dcca139fe32b9687dd05249161a3edda62860430457a5/pydantic_core-2.27.2-cp312-cp312-win_amd64.whl", hash = "sha256:cc3f1a99a4f4f9dd1de4fe0312c114e740b5ddead65bb4102884b384c15d8bc9", size = 1989046, upload-time = "2024-12-18T11:28:58.107Z" },
    { url = "https://files.pythonhosted.org/packages/bc/49/c54baab2f4658c26ac633d798dab66b4c3a9bbf47cff5284e9c182f4137a/pydantic_core-2.27.2-cp312-cp312-win_arm64.whl", hash = "sha256:3911ac9284cd8a1792d3cb26a2da18f3ca26c6908cc434a18f730dc0db7bfa3b", size = 1885092, upload-time = "2024-12-18T11:29:01.335Z" },
    { url = "https://files.pythonhosted.org/packages/41/b1/9bc383f48f8002f99104e3acff6cba1231b29ef76cfa45d1506a5cad1f84/pydantic_core-2.27.2-cp313-cp313-macosx_10_12_x86_64.whl", hash = "sha256:7d14bd329640e63852364c306f4d23eb744e0f8193148d4044dd3dacdaacbd8b", size = 1892709, upload-time = "2024-12-18T11:29:03.193Z" },
    { url = "https://files.pythonhosted.org/packages/10/6c/e62b8657b834f3eb2961b49ec8e301eb99946245e70bf42c8817350cbefc/pydantic_core-2.27.2-cp313-cp313-macosx_11_0_arm64.whl", hash = "sha256:82f91663004eb8ed30ff478d77c4d1179b3563df6cdb15c0817cd1cdaf34d154", size = 1811273, upload-time = "2024-12-18T11:29:05.306Z" },
    { url = "https://files.pythonhosted.org/packages/ba/15/52cfe49c8c986e081b863b102d6b859d9defc63446b642ccbbb3742bf371/pydantic_core-2.27.2-cp313-cp313-manylinux_2_17_aarch64.manylinux2014_aarch64.whl", hash = "sha256:71b24c7d61131bb83df10cc7e687433609963a944ccf45190cfc21e0887b08c9", size = 1823027, upload-time = "2024-12-18T11:29:07.294Z" },
    { url = "https://files.pythonhosted.org/packages/b1/1c/b6f402cfc18ec0024120602bdbcebc7bdd5b856528c013bd4d13865ca473/pydantic_core-2.27.2-cp313-cp313-manylinux_2_17_armv7l.manylinux2014_armv7l.whl", hash = "sha256:fa8e459d4954f608fa26116118bb67f56b93b209c39b008277ace29937453dc9", size = 1868888, upload-time = "2024-12-18T11:29:09.249Z" },
    { url = "https://files.pythonhosted.org/packages/bd/7b/8cb75b66ac37bc2975a3b7de99f3c6f355fcc4d89820b61dffa8f1e81677/pydantic_core-2.27.2-cp313-cp313-manylinux_2_17_ppc64le.manylinux2014_ppc64le.whl", hash = "sha256:ce8918cbebc8da707ba805b7fd0b382816858728ae7fe19a942080c24e5b7cd1", size = 2037738, upload-time = "2024-12-18T11:29:11.23Z" },
    { url = "https://files.pythonhosted.org/packages/c8/f1/786d8fe78970a06f61df22cba58e365ce304bf9b9f46cc71c8c424e0c334/pydantic_core-2.27.2-cp313-cp313-manylinux_2_17_s390x.manylinux2014_s390x.whl", hash = "sha256:eda3f5c2a021bbc5d976107bb302e0131351c2ba54343f8a496dc8783d3d3a6a", size = 2685138, upload-time = "2024-12-18T11:29:16.396Z" },
    { url = "https://files.pythonhosted.org/packages/a6/74/d12b2cd841d8724dc8ffb13fc5cef86566a53ed358103150209ecd5d1999/pydantic_core-2.27.2-cp313-cp313-manylinux_2_17_x86_64.manylinux2014_x86_64.whl", hash = "sha256:bd8086fa684c4775c27f03f062cbb9eaa6e17f064307e86b21b9e0abc9c0f02e", size = 1997025, upload-time = "2024-12-18T11:29:20.25Z" },
    { url = "https://files.pythonhosted.org/packages/a0/6e/940bcd631bc4d9a06c9539b51f070b66e8f370ed0933f392db6ff350d873/pydantic_core-2.27.2-cp313-cp313-manylinux_2_5_i686.manylinux1_i686.whl", hash = "sha256:8d9b3388db186ba0c099a6d20f0604a44eabdeef1777ddd94786cdae158729e4", size = 2004633, upload-time = "2024-12-18T11:29:23.877Z" },
    { url = "https://files.pythonhosted.org/packages/50/cc/a46b34f1708d82498c227d5d80ce615b2dd502ddcfd8376fc14a36655af1/pydantic_core-2.27.2-cp313-cp313-musllinux_1_1_aarch64.whl", hash = "sha256:7a66efda2387de898c8f38c0cf7f14fca0b51a8ef0b24bfea5849f1b3c95af27", size = 1999404, upload-time = "2024-12-18T11:29:25.872Z" },
    { url = "https://files.pythonhosted.org/packages/ca/2d/c365cfa930ed23bc58c41463bae347d1005537dc8db79e998af8ba28d35e/pydantic_core-2.27.2-cp313-cp313-musllinux_1_1_armv7l.whl", hash = "sha256:18a101c168e4e092ab40dbc2503bdc0f62010e95d292b27827871dc85450d7ee", size = 2130130, upload-time = "2024-12-18T11:29:29.252Z" },
    { url = "https://files.pythonhosted.org/packages/f4/d7/eb64d015c350b7cdb371145b54d96c919d4db516817f31cd1c650cae3b21/pydantic_core-2.27.2-cp313-cp313-musllinux_1_1_x86_64.whl", hash = "sha256:ba5dd002f88b78a4215ed2f8ddbdf85e8513382820ba15ad5ad8955ce0ca19a1", size = 2157946, upload-time = "2024-12-18T11:29:31.338Z" },
    { url = "https://files.pythonhosted.org/packages/a4/99/bddde3ddde76c03b65dfd5a66ab436c4e58ffc42927d4ff1198ffbf96f5f/pydantic_core-2.27.2-cp313-cp313-win32.whl", hash = "sha256:1ebaf1d0481914d004a573394f4be3a7616334be70261007e47c2a6fe7e50130", size = 1834387, upload-time = "2024-12-18T11:29:33.481Z" },
    { url = "https://files.pythonhosted.org/packages/71/47/82b5e846e01b26ac6f1893d3c5f9f3a2eb6ba79be26eef0b759b4fe72946/pydantic_core-2.27.2-cp313-cp313-win_amd64.whl", hash = "sha256:953101387ecf2f5652883208769a79e48db18c6df442568a0b5ccd8c2723abee", size = 1990453, upload-time = "2024-12-18T11:29:35.533Z" },
    { url = "https://files.pythonhosted.org/packages/51/b2/b2b50d5ecf21acf870190ae5d093602d95f66c9c31f9d5de6062eb329ad1/pydantic_core-2.27.2-cp313-cp313-win_arm64.whl", hash = "sha256:ac4dbfd1691affb8f48c2c13241a2e3b60ff23247cbcf981759c768b6633cf8b", size = 1885186, upload-time = "2024-12-18T11:29:37.649Z" },
]

[[package]]
name = "typing-extensions"
version = "4.16.0"
source = { registry = "https://pypi.org/simple" }
sdist = { url = "https://files.pythonhosted.org/packages/f6/cc/6253133b5bb138fc3306cebfbda2c520f545d36b5be2c7255cc528bb45d6/typing_extensions-4.16.0.tar.gz", hash = "sha256:dc983d19a509c94dba722ee6abd33940f7c05a89e243c47e907eb4db6f1a43e5", size = 113555, upload-time = "2026-07-02T08:40:05.92Z" }
wheels = [
    { url = "https://files.pythonhosted.org/packages/49/d3/b8441a820a491ddfc024b0b0cf0393375b75ea13866d9c66727e54c2fc80/typing_extensions-4.16.0-py3-none-any.whl", hash = "sha256:481caa481374e813c1b176ada14e97f1f67a4539ce9cfeb3f350d78d6370c2e8", size = 45571, upload-time = "2026-07-02T08:40:04.659Z" },
]

[[package]]
name = "tzdata"
version = "2026.3"
source = { registry = "https://pypi.org/simple" }
sdist = { url = "https://files.pythonhosted.org/packages/92/ff/5a28bdfd8c3ebec42564ac7d0e54ca3db65044a9314a97f9564fa7a1e926/tzdata-2026.3.tar.gz", hash = "sha256:4a1518b8993086a7982523e071643f3c0e5f213e75b21318e78bcabfff9d1415", size = 198674, upload-time = "2026-07-10T08:50:37.887Z" }
wheels = [
    { url = "https://files.pythonhosted.org/packages/e5/6d/b53b99a9f2766d095985947a5782f1702cabb129a34f7a802d7197af832f/tzdata-2026.3-py2.py3-none-any.whl", hash = "sha256:dc096730c87af6cab1b171c9d532be840741ff5d459015e7f6947bd7d7e54931", size = 348168, upload-time = "2026-07-10T08:50:36.46Z" },
]
